
Microsoft Visual Studio Solution File, Format Version 12.00
# Visual Studio Version 16
VisualStudioVersion = 16.0.32630.194
MinimumVisualStudioVersion = 10.0.40219.1
Project("{FAE04EC0-301F-11D3-BF4B-00C04F79EFBC}") = "voz", "voz\voz.csproj", "{22DBB70D-7721-460D-A0F2-1B3E5A974BC6}"
EndProject
Global
	GlobalSection(SolutionConfigurationPlatforms) = preSolution
		Debug|Any CPU = Debug|Any CPU
		Release|Any CPU = Release|Any CPU
	EndGlobalSection
	GlobalSection(ProjectConfigurationPlatforms) = postSolution
		{22DBB70D-7721-460D-A0F2-1B3E5A974BC6}.Debug|Any CPU.ActiveCfg = Debug|Any CPU
		{22DBB70D-7721-460D-A0F2-1B3E5A974BC6}.Debug|Any CPU.Build.0 = Debug|Any CPU
		{22DBB70D-7721-460D-A0F2-1B3E5A974BC6}.Release|Any CPU.ActiveCfg = Release|Any CPU
		{22DBB70D-7721-460D-A0F2-1B3E5A974BC6}.Release|Any CPU.Build.0 = Release|Any CPU
	EndGlobalSection
	GlobalSection(SolutionProperties) = preSolution
		HideSolutionNode = FALSE
	EndGlobalSection
	GlobalSection(ExtensibilityGlobals) = postSolution
		SolutionGuid = {A2E295B4-7BFC-443F-BDD6-289D37CF1E2B}
	EndGlobalSection
EndGlobal
